
Microsoft Visual Studio Solution File, Format Version 12.00
# Visual Studio 15
VisualStudioVersion = 15.0.28307.1022
MinimumVisualStudioVersion = 10.0.40219.1
Project("{FAE04EC0-301F-11D3-BF4B-00C04F79EFBC}") = "LongestCollatz", "LongestCollatz\LongestCollatz.csproj", "{B7C3A7DE-B33B-44A1-A27B-39F4939874D0}"
EndProject
Global
	GlobalSection(SolutionConfigurationPlatforms) = preSolution
		Debug|Any CPU = Debug|Any CPU
		Release|Any CPU = Release|Any CPU
	EndGlobalSection
	GlobalSection(ProjectConfigurationPlatforms) = postSolution
		{B7C3A7DE-B33B-44A1-A27B-39F4939874D0}.Debug|Any CPU.ActiveCfg = Debug|Any CPU
		{B7C3A7DE-B33B-44A1-A27B-39F4939874D0}.Debug|Any CPU.Build.0 = Debug|Any CPU
		{B7C3A7DE-B33B-44A1-A27B-39F4939874D0}.Release|Any CPU.ActiveCfg = Release|Any CPU
		{B7C3A7DE-B33B-44A1-A27B-39F4939874D0}.Release|Any CPU.Build.0 = Release|Any CPU
	EndGlobalSection
	GlobalSection(SolutionProperties) = preSolution
		HideSolutionNode = FALSE
	EndGlobalSection
	GlobalSection(ExtensibilityGlobals) = postSolution
		SolutionGuid = {93E69469-2AC1-44F5-AFAC-A0EC52DCD6E6}
	EndGlobalSection
EndGlobal
